
Microsoft Visual Studio Solution File, Format Version 12.00
# Visual Studio Version 17
VisualStudioVersion = 17.9.34701.34
MinimumVisualStudioVersion = 10.0.40219.1
Project("{9A19103F-16F7-4668-BE54-9A1E7A4F7556}") = "productprediction", "productprediction\productprediction.csproj", "{0984876F-9B04-4000-AB83-FB8454ACE199}"
EndProject
Project("{9A19103F-16F7-4668-BE54-9A1E7A4F7556}") = "Prediction_1_WebApi1", "Prediction_1_WebApi1\Prediction_1_WebApi1.csproj", "{EB2B86CD-3997-4C47-BA23-A3697F423A9B}"
EndProject
Project("{9A19103F-16F7-4668-BE54-9A1E7A4F7556}") = "Prediction_1_WebApi2", "Prediction_1_WebApi2\Prediction_1_WebApi2.csproj", "{9CE1035D-F24E-4F50-8E16-84DA0F683D65}"
EndProject
Global
	GlobalSection(SolutionConfigurationPlatforms) = preSolution
		Debug|Any CPU = Debug|Any CPU
		Release|Any CPU = Release|Any CPU
	EndGlobalSection
	GlobalSection(ProjectConfigurationPlatforms) = postSolution
		{0984876F-9B04-4000-AB83-FB8454ACE199}.Debug|Any CPU.ActiveCfg = Debug|Any CPU
		{0984876F-9B04-4000-AB83-FB8454ACE199}.Debug|Any CPU.Build.0 = Debug|Any CPU
		{0984876F-9B04-4000-AB83-FB8454ACE199}.Release|Any CPU.ActiveCfg = Release|Any CPU
		{0984876F-9B04-4000-AB83-FB8454ACE199}.Release|Any CPU.Build.0 = Release|Any CPU
		{EB2B86CD-3997-4C47-BA23-A3697F423A9B}.Debug|Any CPU.ActiveCfg = Debug|Any CPU
		{EB2B86CD-3997-4C47-BA23-A3697F423A9B}.Debug|Any CPU.Build.0 = Debug|Any CPU
		{EB2B86CD-3997-4C47-BA23-A3697F423A9B}.Release|Any CPU.ActiveCfg = Release|Any CPU
		{EB2B86CD-3997-4C47-BA23-A3697F423A9B}.Release|Any CPU.Build.0 = Release|Any CPU
		{9CE1035D-F24E-4F50-8E16-84DA0F683D65}.Debug|Any CPU.ActiveCfg = Debug|Any CPU
		{9CE1035D-F24E-4F50-8E16-84DA0F683D65}.Debug|Any CPU.Build.0 = Debug|Any CPU
		{9CE1035D-F24E-4F50-8E16-84DA0F683D65}.Release|Any CPU.ActiveCfg = Release|Any CPU
		{9CE1035D-F24E-4F50-8E16-84DA0F683D65}.Release|Any CPU.Build.0 = Release|Any CPU
	EndGlobalSection
	GlobalSection(SolutionProperties) = preSolution
		HideSolutionNode = FALSE
	EndGlobalSection
	GlobalSection(ExtensibilityGlobals) = postSolution
		SolutionGuid = {7A1FA9C5-FEB8-4297-AC34-6FA42A870CA4}
	EndGlobalSection
EndGlobal
